{
  "nodes": {
    "home-manager": {
      "inputs": {
        "nixpkgs": [
          "nixpkgs"
        ]
      },
      "locked": {
        "lastModified": 1691672736,
        "narHash": "sha256-HNPA/dKHerA0p4OsToEcW/DtTSXBcK5gFRsy/yPgV/Y=",
        "owner": "nix-community",
        "repo": "home-manager",
        "rev": "6e1eff9aac0e8d84bda7f2d60ba6108eea9b7e79",
        "type": "github"
      },
      "original": {
        "owner": "nix-community",
        "ref": "master",
        "repo": "home-manager",
        "type": "github"
      }
    },
    "nixpkgs": {
      "locked": {
        "lastModified": 1691565530,
        "narHash": "sha256-qZZ6DxvS1X/tjxXNUwJrPiaIWLZyWUDM2gkJCi5uZpE=",
        "owner": "nixos",
        "repo": "nixpkgs",
        "rev": "e528fa15d5f740a25b5f536c33932db64cb10fc8",
        "type": "github"
      },
      "original": {
        "owner": "nixos",
        "ref": "nixos-unstable",
        "repo": "nixpkgs",
        "type": "github"
      }
    },
    "nixpkgs-gnupg": {
      "locked": {
        "lastModified": 1610436828,
        "narHash": "sha256-l296ZbPESWBEdj4ch3qsMTDuBnbuZBFQ4rfUqBkiTJ4=",
        "owner": "nixos",
        "repo": "nixpkgs",
        "rev": "d88ad75767c638c013f5db40739386b1a5e12029",
        "type": "github"
      },
      "original": {
        "owner": "nixos",
        "repo": "nixpkgs",
        "rev": "d88ad75767c638c013f5db40739386b1a5e12029",
        "type": "github"
      }
    },
    "root": {
      "inputs": {
        "home-manager": "home-manager",
        "nixpkgs": "nixpkgs",
        "nixpkgs-gnupg": "nixpkgs-gnupg"
      }
    }
  },
  "root": "root",
  "version": 7
}
